// !$*UTF8*$!
{
	archiveVersion = 1;
	classes = {
	};
	objectVersion = 46;
	objects = {

/* Begin PBXBuildFile section */
		D85C088E1D87A7C000DF3265 /* FavTableViewController.swift in Sources */ = {isa = PBXBuildFile; fileRef = D85C088D1D87A7C000DF3265 /* FavTableViewController.swift */; };
		D88A45A51D875A20003068F2 /* DetailViewController.swift in Sources */ = {isa = PBXBuildFile; fileRef = D88A45A41D875A20003068F2 /* DetailViewController.swift */; };
		D8A8CC831D868E3600CFE904 /* AppDelegate.swift in Sources */ = {isa = PBXBuildFile; fileRef = D8A8CC821D868E3600CFE904 /* AppDelegate.swift */; };
		D8A8CC881D868E3600CFE904 /* Main.storyboard in Resources */ = {isa = PBXBuildFile; fileRef = D8A8CC861D868E3600CFE904 /* Main.storyboard */; };
		D8A8CC8B1D868E3600CFE904 /* RedWall.xcdatamodeld in Sources */ = {isa = PBXBuildFile; fileRef = D8A8CC891D868E3600CFE904 /* RedWall.xcdatamodeld */; };
		D8A8CC8D1D868E3600CFE904 /* Assets.xcassets in Resources */ = {isa = PBXBuildFile; fileRef = D8A8CC8C1D868E3600CFE904 /* Assets.xcassets */; };
		D8A8CC901D868E3600CFE904 /* LaunchScreen.storyboard in Resources */ = {isa = PBXBuildFile; fileRef = D8A8CC8E1D868E3600CFE904 /* LaunchScreen.storyboard */; };
		D8A8CC981D868FB300CFE904 /* WallpaperCollectionViewController.swift in Sources */ = {isa = PBXBuildFile; fileRef = D8A8CC971D868FB300CFE904 /* WallpaperCollectionViewController.swift */; };
		D8FADD7C1D8695A300B87695 /* temp.png in Resources */ = {isa = PBXBuildFile; fileRef = D8FADD7B1D8695A300B87695 /* temp.png */; };
		D8FADD7E1D86B07E00B87695 /* WallpaperPost.swift in Sources */ = {isa = PBXBuildFile; fileRef = D8FADD7D1D86B07E00B87695 /* WallpaperPost.swift */; };
		D8FADD801D86BFDC00B87695 /* WallpaperCollectionViewCell.swift in Sources */ = {isa = PBXBuildFile; fileRef = D8FADD7F1D86BFDC00B87695 /* WallpaperCollectionViewCell.swift */; };
/* End PBXBuildFile section */

/* Begin PBXFileReference section */
		D85C088D1D87A7C000DF3265 /* FavTableViewController.swift */ = {isa = PBXFileReference; fileEncoding = 4; lastKnownFileType = sourcecode.swift; path = FavTableViewController.swift; sourceTree = "<group>"; };
		D88A45A41D875A20003068F2 /* DetailViewController.swift */ = {isa = PBXFileReference; fileEncoding = 4; lastKnownFileType = sourcecode.swift; path = DetailViewController.swift; sourceTree = "<group>"; };
		D8A8CC7F1D868E3600CFE904 /* RedWall.app */ = {isa = PBXFileReference; explicitFileType = wrapper.application; includeInIndex = 0; path = RedWall.app; sourceTree = BUILT_PRODUCTS_DIR; };
		D8A8CC821D868E3600CFE904 /* AppDelegate.swift */ = {isa = PBXFileReference; lastKnownFileType = sourcecode.swift; path = AppDelegate.swift; sourceTree = "<group>"; };
		D8A8CC871D868E3600CFE904 /* Base */ = {isa = PBXFileReference; lastKnownFileType = file.storyboard; name = Base; path = Base.lproj/Main.storyboard; sourceTree = "<group>"; };
		D8A8CC8A1D868E3600CFE904 /* RedWall.xcdatamodel */ = {isa = PBXFileReference; lastKnownFileType = wrapper.xcdatamodel; path = RedWall.xcdatamodel; sourceTree = "<group>"; };
		D8A8CC8C1D868E3600CFE904 /* Assets.xcassets */ = {isa = PBXFileReference; lastKnownFileType = folder.assetcatalog; path = Assets.xcassets; sourceTree = "<group>"; };
		D8A8CC8F1D868E3600CFE904 /* Base */ = {isa = PBXFileReference; lastKnownFileType = file.storyboard; name = Base; path = Base.lproj/LaunchScreen.storyboard; sourceTree = "<group>"; };
		D8A8CC911D868E3600CFE904 /* Info.plist */ = {isa = PBXFileReference; lastKnownFileType = text.plist.xml; path = Info.plist; sourceTree = "<group>"; };
		D8A8CC971D868FB300CFE904 /* WallpaperCollectionViewController.swift */ = {isa = PBXFileReference; fileEncoding = 4; lastKnownFileType = sourcecode.swift; path = WallpaperCollectionViewController.swift; sourceTree = "<group>"; };
		D8FADD7B1D8695A300B87695 /* temp.png */ = {isa = PBXFileReference; lastKnownFileType = image.png; path = temp.png; sourceTree = "<group>"; };
		D8FADD7D1D86B07E00B87695 /* WallpaperPost.swift */ = {isa = PBXFileReference; fileEncoding = 4; lastKnownFileType = sourcecode.swift; path = WallpaperPost.swift; sourceTree = "<group>"; };
		D8FADD7F1D86BFDC00B87695 /* WallpaperCollectionViewCell.swift */ = {isa = PBXFileReference; fileEncoding = 4; lastKnownFileType = sourcecode.swift; path = WallpaperCollectionViewCell.swift; sourceTree = "<group>"; };
/* End PBXFileReference section */

/* Begin PBXFrameworksBuildPhase section */
		D8A8CC7C1D868E3600CFE904 /* Frameworks */ = {
			isa = PBXFrameworksBuildPhase;
			buildActionMask = 2147483647;
			files = (
			);
			runOnlyForDeploymentPostprocessing = 0;
		};
/* End PBXFrameworksBuildPhase section */

/* Begin PBXGroup section */
		D8A8CC761D868E3500CFE904 = {
			isa = PBXGroup;
			children = (
				D8A8CC811D868E3600CFE904 /* RedWall */,
				D8A8CC801D868E3600CFE904 /* Products */,
			);
			sourceTree = "<group>";
		};
		D8A8CC801D868E3600CFE904 /* Products */ = {
			isa = PBXGroup;
			children = (
				D8A8CC7F1D868E3600CFE904 /* RedWall.app */,
			);
			name = Products;
			sourceTree = "<group>";
		};
		D8A8CC811D868E3600CFE904 /* RedWall */ = {
			isa = PBXGroup;
			children = (
				D8FADD7A1D86958B00B87695 /* Assets */,
				D8A8CC821D868E3600CFE904 /* AppDelegate.swift */,
				D8A8CC971D868FB300CFE904 /* WallpaperCollectionViewController.swift */,
				D8FADD7F1D86BFDC00B87695 /* WallpaperCollectionViewCell.swift */,
				D85C088D1D87A7C000DF3265 /* FavTableViewController.swift */,
				D88A45A41D875A20003068F2 /* DetailViewController.swift */,
				D8FADD7D1D86B07E00B87695 /* WallpaperPost.swift */,
				D8A8CC861D868E3600CFE904 /* Main.storyboard */,
				D8A8CC8C1D868E3600CFE904 /* Assets.xcassets */,
				D8A8CC8E1D868E3600CFE904 /* LaunchScreen.storyboard */,
				D8A8CC911D868E3600CFE904 /* Info.plist */,
				D8A8CC891D868E3600CFE904 /* RedWall.xcdatamodeld */,
			);
			path = RedWall;
			sourceTree = "<group>";
		};
		D8FADD7A1D86958B00B87695 /* Assets */ = {
			isa = PBXGroup;
			children = (
				D8FADD7B1D8695A300B87695 /* temp.png */,
			);
			name = Assets;
			sourceTree = "<group>";
		};
/* End PBXGroup section */

/* Begin PBXNativeTarget section */
		D8A8CC7E1D868E3600CFE904 /* RedWall */ = {
			isa = PBXNativeTarget;
			buildConfigurationList = D8A8CC941D868E3600CFE904 /* Build configuration list for PBXNativeTarget "RedWall" */;
			buildPhases = (
				D8A8CC7B1D868E3600CFE904 /* Sources */,
				D8A8CC7C1D868E3600CFE904 /* Frameworks */,
				D8A8CC7D1D868E3600CFE904 /* Resources */,
			);
			buildRules = (
			);
			dependencies = (
			);
			name = RedWall;
			productName = RedWall;
			productReference = D8A8CC7F1D868E3600CFE904 /* RedWall.app */;
			productType = "com.apple.product-type.application";
		};
/* End PBXNativeTarget section */

/* Begin PBXProject section */
		D8A8CC771D868E3500CFE904 /* Project object */ = {
			isa = PBXProject;
			attributes = {
				LastSwiftUpdateCheck = 0800;
				LastUpgradeCheck = 0800;
				ORGANIZATIONNAME = AppBee;
				TargetAttributes = {
					D8A8CC7E1D868E3600CFE904 = {
						CreatedOnToolsVersion = 8.0;
						DevelopmentTeam = 26YF898FTD;
						ProvisioningStyle = Automatic;
					};
				};
			};
			buildConfigurationList = D8A8CC7A1D868E3500CFE904 /* Build configuration list for PBXProject "RedWall" */;
			compatibilityVersion = "Xcode 3.2";
			developmentRegion = English;
			hasScannedForEncodings = 0;
			knownRegions = (
				en,
				Base,
			);
			mainGroup = D8A8CC761D868E3500CFE904;
			productRefGroup = D8A8CC801D868E3600CFE904 /* Products */;
			projectDirPath = "";
			projectRoot = "";
			targets = (
				D8A8CC7E1D868E3600CFE904 /* RedWall */,
			);
		};
/* End PBXProject section */

/* Begin PBXResourcesBuildPhase section */
		D8A8CC7D1D868E3600CFE904 /* Resources */ = {
			isa = PBXResourcesBuildPhase;
			buildActionMask = 2147483647;
			files = (
				D8A8CC901D868E3600CFE904 /* LaunchScreen.storyboard in Resources */,
				D8FADD7C1D8695A300B87695 /* temp.png in Resources */,
				D8A8CC8D1D868E3600CFE904 /* Assets.xcassets in Resources */,
				D8A8CC881D868E3600CFE904 /* Main.storyboard in Resources */,
			);
			runOnlyForDeploymentPostprocessing = 0;
		};
/* End PBXResourcesBuildPhase section */

/* Begin PBXSourcesBuildPhase section */
		D8A8CC7B1D868E3600CFE904 /* Sources */ = {
			isa = PBXSourcesBuildPhase;
			buildActionMask = 2147483647;
			files = (
				D8FADD7E1D86B07E00B87695 /* WallpaperPost.swift in Sources */,
				D8FADD801D86BFDC00B87695 /* WallpaperCollectionViewCell.swift in Sources */,
				D85C088E1D87A7C000DF3265 /* FavTableViewController.swift in Sources */,
				D8A8CC8B1D868E3600CFE904 /* RedWall.xcdatamodeld in Sources */,
				D8A8CC981D868FB300CFE904 /* WallpaperCollectionViewController.swift in Sources */,
				D8A8CC831D868E3600CFE904 /* AppDelegate.swift in Sources */,
				D88A45A51D875A20003068F2 /* DetailViewController.swift in Sources */,
			);
			runOnlyForDeploymentPostprocessing = 0;
		};
/* End PBXSourcesBuildPhase section */

/* Begin PBXVariantGroup section */
		D8A8CC861D868E3600CFE904 /* Main.storyboard */ = {
			isa = PBXVariantGroup;
			children = (
				D8A8CC871D868E3600CFE904 /* Base */,
			);
			name = Main.storyboard;
			sourceTree = "<group>";
		};
		D8A8CC8E1D868E3600CFE904 /* LaunchScreen.storyboard */ = {
			isa = PBXVariantGroup;
			children = (
				D8A8CC8F1D868E3600CFE904 /* Base */,
			);
			name = LaunchScreen.storyboard;
			sourceTree = "<group>";
		};
/* End PBXVariantGroup section */

/* Begin XCBuildConfiguration section */
		D8A8CC921D868E3600CFE904 /* Debug */ = {
			isa = XCBuildConfiguration;
			buildSettings = {
				ALWAYS_SEARCH_USER_PATHS = NO;
				CLANG_ANALYZER_NONNULL = YES;
				CLANG_CXX_LANGUAGE_STANDARD = "gnu++0x";
				CLANG_CXX_LIBRARY = "libc++";
				CLANG_ENABLE_MODULES = YES;
				CLANG_ENABLE_OBJC_ARC = YES;
				CLANG_WARN_BOOL_CONVERSION = YES;
				CLANG_WARN_CONSTANT_CONVERSION = YES;
				CLANG_WARN_DIRECT_OBJC_ISA_USAGE = YES_ERROR;
				CLANG_WARN_DOCUMENTATION_COMMENTS = YES;
				CLANG_WARN_EMPTY_BODY = YES;
				CLANG_WARN_ENUM_CONVERSION = YES;
				CLANG_WARN_INFINITE_RECURSION = YES;
				CLANG_WARN_INT_CONVERSION = YES;
				CLANG_WARN_OBJC_ROOT_CLASS = YES_ERROR;
				CLANG_WARN_SUSPICIOUS_MOVES = YES;
				CLANG_WARN_UNREACHABLE_CODE = YES;
				CLANG_WARN__DUPLICATE_METHOD_MATCH = YES;
				"CODE_SIGN_IDENTITY[sdk=iphoneos*]" = "iPhone Developer";
				COPY_PHASE_STRIP = NO;
				DEBUG_INFORMATION_FORMAT = dwarf;
				ENABLE_STRICT_OBJC_MSGSEND = YES;
				ENABLE_TESTABILITY = YES;
				GCC_C_LANGUAGE_STANDARD = gnu99;
				GCC_DYNAMIC_NO_PIC = NO;
				GCC_NO_COMMON_BLOCKS = YES;
				GCC_OPTIMIZATION_LEVEL = 0;
				GCC_PREPROCESSOR_DEFINITIONS = (
					"DEBUG=1",
					"$(inherited)",
				);
				GCC_WARN_64_TO_32_BIT_CONVERSION = YES;
				GCC_WARN_ABOUT_RETURN_TYPE = YES_ERROR;
				GCC_WARN_UNDECLARED_SELECTOR = YES;
				GCC_WARN_UNINITIALIZED_AUTOS = YES_AGGRESSIVE;
				GCC_WARN_UNUSED_FUNCTION = YES;
				GCC_WARN_UNUSED_VARIABLE = YES;
				IPHONEOS_DEPLOYMENT_TARGET = 10.0;
				MTL_ENABLE_DEBUG_INFO = YES;
				ONLY_ACTIVE_ARCH = YES;
				SDKROOT = iphoneos;
				SWIFT_ACTIVE_COMPILATION_CONDITIONS = DEBUG;
				SWIFT_OPTIMIZATION_LEVEL = "-Onone";
				TARGETED_DEVICE_FAMILY = "1,2";
			};
			name = Debug;
		};
		D8A8CC931D868E3600CFE904 /* Release */ = {
			isa = XCBuildConfiguration;
			buildSettings = {
				ALWAYS_SEARCH_USER_PATHS = NO;
				CLANG_ANALYZER_NONNULL = YES;
				CLANG_CXX_LANGUAGE_STANDARD = "gnu++0x";
				CLANG_CXX_LIBRARY = "libc++";
				CLANG_ENABLE_MODULES = YES;
				CLANG_ENABLE_OBJC_ARC = YES;
				CLANG_WARN_BOOL_CONVERSION = YES;
				CLANG_WARN_CONSTANT_CONVERSION = YES;
				CLANG_WARN_DIRECT_OBJC_ISA_USAGE = YES_ERROR;
				CLANG_WARN_DOCUMENTATION_COMMENTS = YES;
				CLANG_WARN_EMPTY_BODY = YES;
				CLANG_WARN_ENUM_CONVERSION = YES;
				CLANG_WARN_INFINITE_RECURSION = YES;
				CLANG_WARN_INT_CONVERSION = YES;
				CLANG_WARN_OBJC_ROOT_CLASS = YES_ERROR;
				CLANG_WARN_SUSPICIOUS_MOVES = YES;
				CLANG_WARN_UNREACHABLE_CODE = YES;
				CLANG_WARN__DUPLICATE_METHOD_MATCH = YES;
				"CODE_SIGN_IDENTITY[sdk=iphoneos*]" = "iPhone Developer";
				COPY_PHASE_STRIP = NO;
				DEBUG_INFORMATION_FORMAT = "dwarf-with-dsym";
				ENABLE_NS_ASSERTIONS = NO;
				ENABLE_STRICT_OBJC_MSGSEND = YES;
				GCC_C_LANGUAGE_STANDARD = gnu99;
				GCC_NO_COMMON_BLOCKS = YES;
				GCC_WARN_64_TO_32_BIT_CONVERSION = YES;
				GCC_WARN_ABOUT_RETURN_TYPE = YES_ERROR;
				GCC_WARN_UNDECLARED_SELECTOR = YES;
				GCC_WARN_UNINITIALIZED_AUTOS = YES_AGGRESSIVE;
				GCC_WARN_UNUSED_FUNCTION = YES;
				GCC_WARN_UNUSED_VARIABLE = YES;
				IPHONEOS_DEPLOYMENT_TARGET = 10.0;
				MTL_ENABLE_DEBUG_INFO = NO;
				SDKROOT = iphoneos;
				SWIFT_OPTIMIZATION_LEVEL = "-Owholemodule";
				TARGETED_DEVICE_FAMILY = "1,2";
				VALIDATE_PRODUCT = YES;
			};
			name = Release;
		};
		D8A8CC951D868E3600CFE904 /* Debug */ = {
			isa = XCBuildConfiguration;
			buildSettings = {
				ASSETCATALOG_COMPILER_APPICON_NAME = AppIcon;
				DEVELOPMENT_TEAM = 26YF898FTD;
				INFOPLIST_FILE = RedWall/Info.plist;
				IPHONEOS_DEPLOYMENT_TARGET = 10.0;
				LD_RUNPATH_SEARCH_PATHS = "$(inherited) @executable_path/Frameworks";
				PRODUCT_BUNDLE_IDENTIFIER = com.appbee.RedWall;
				PRODUCT_NAME = "$(TARGET_NAME)";
				SWIFT_VERSION = 3.0;
			};
			name = Debug;
		};
		D8A8CC961D868E3600CFE904 /* Release */ = {
			isa = XCBuildConfiguration;
			buildSettings = {
				ASSETCATALOG_COMPILER_APPICON_NAME = AppIcon;
				DEVELOPMENT_TEAM = 26YF898FTD;
				INFOPLIST_FILE = RedWall/Info.plist;
				IPHONEOS_DEPLOYMENT_TARGET = 10.0;
				LD_RUNPATH_SEARCH_PATHS = "$(inherited) @executable_path/Frameworks";
				PRODUCT_BUNDLE_IDENTIFIER = com.appbee.RedWall;
				PRODUCT_NAME = "$(TARGET_NAME)";
				SWIFT_VERSION = 3.0;
			};
			name = Release;
		};
/* End XCBuildConfiguration section */

/* Begin XCConfigurationList section */
		D8A8CC7A1D868E3500CFE904 /* Build configuration list for PBXProject "RedWall" */ = {
			isa = XCConfigurationList;
			buildConfigurations = (
				D8A8CC921D868E3600CFE904 /* Debug */,
				D8A8CC931D868E3600CFE904 /* Release */,
			);
			defaultConfigurationIsVisible = 0;
			defaultConfigurationName = Release;
		};
		D8A8CC941D868E3600CFE904 /* Build configuration list for PBXNativeTarget "RedWall" */ = {
			isa = XCConfigurationList;
			buildConfigurations = (
				D8A8CC951D868E3600CFE904 /* Debug */,
				D8A8CC961D868E3600CFE904 /* Release */,
			);
			defaultConfigurationIsVisible = 0;
			defaultConfigurationName = Release;
		};
/* End XCConfigurationList section */

/* Begin XCVersionGroup section */
		D8A8CC891D868E3600CFE904 /* RedWall.xcdatamodeld */ = {
			isa = XCVersionGroup;
			children = (
				D8A8CC8A1D868E3600CFE904 /* RedWall.xcdatamodel */,
			);
			currentVersion = D8A8CC8A1D868E3600CFE904 /* RedWall.xcdatamodel */;
			path = RedWall.xcdatamodeld;
			sourceTree = "<group>";
			versionGroupType = wrapper.xcdatamodel;
		};
/* End XCVersionGroup section */
	};
	rootObject = D8A8CC771D868E3500CFE904 /* Project object */;
}
